
Microsoft Visual Studio Solution File, Format Version 12.00
# Visual Studio Version 16
VisualStudioVersion = 16.0.29728.190
MinimumVisualStudioVersion = 10.0.40219.1
Project("{FAE04EC0-301F-11D3-BF4B-00C04F79EFBC}") = "LoanComparer.App", "LoanComparer.App\LoanComparer.App.csproj", "{A445D4F9-CF9C-42B7-B58C-0C5D2516A4DB}"
EndProject
Project("{FAE04EC0-301F-11D3-BF4B-00C04F79EFBC}") = "LoanComparer.Tests", "LoanComparer.Tests\LoanComparer.Tests.csproj", "{3D5ECF48-C50D-4C9B-8189-FF63B40B41BE}"
EndProject
Project("{FAE04EC0-301F-11D3-BF4B-00C04F79EFBC}") = "LoanComparer.Data", "LoanComparer.Data\LoanComparer.Data.csproj", "{5F87E53E-080F-4514-90BF-F0BDF9491D3D}"
EndProject
Global
	GlobalSection(SolutionConfigurationPlatforms) = preSolution
		Debug|Any CPU = Debug|Any CPU
		Release|Any CPU = Release|Any CPU
	EndGlobalSection
	GlobalSection(ProjectConfigurationPlatforms) = postSolution
		{A445D4F9-CF9C-42B7-B58C-0C5D2516A4DB}.Debug|Any CPU.ActiveCfg = Debug|Any CPU
		{A445D4F9-CF9C-42B7-B58C-0C5D2516A4DB}.Debug|Any CPU.Build.0 = Debug|Any CPU
		{A445D4F9-CF9C-42B7-B58C-0C5D2516A4DB}.Release|Any CPU.ActiveCfg = Release|Any CPU
		{A445D4F9-CF9C-42B7-B58C-0C5D2516A4DB}.Release|Any CPU.Build.0 = Release|Any CPU
		{3D5ECF48-C50D-4C9B-8189-FF63B40B41BE}.Debug|Any CPU.ActiveCfg = Debug|Any CPU
		{3D5ECF48-C50D-4C9B-8189-FF63B40B41BE}.Debug|Any CPU.Build.0 = Debug|Any CPU
		{3D5ECF48-C50D-4C9B-8189-FF63B40B41BE}.Release|Any CPU.ActiveCfg = Release|Any CPU
		{3D5ECF48-C50D-4C9B-8189-FF63B40B41BE}.Release|Any CPU.Build.0 = Release|Any CPU
		{5F87E53E-080F-4514-90BF-F0BDF9491D3D}.Debug|Any CPU.ActiveCfg = Debug|Any CPU
		{5F87E53E-080F-4514-90BF-F0BDF9491D3D}.Debug|Any CPU.Build.0 = Debug|Any CPU
		{5F87E53E-080F-4514-90BF-F0BDF9491D3D}.Release|Any CPU.ActiveCfg = Release|Any CPU
		{5F87E53E-080F-4514-90BF-F0BDF9491D3D}.Release|Any CPU.Build.0 = Release|Any CPU
	EndGlobalSection
	GlobalSection(SolutionProperties) = preSolution
		HideSolutionNode = FALSE
	EndGlobalSection
	GlobalSection(ExtensibilityGlobals) = postSolution
		SolutionGuid = {FE8AE28B-D598-41BA-BE08-B5941FE6E1E3}
	EndGlobalSection
EndGlobal
